
Microsoft Visual Studio Solution File, Format Version 12.00
# Visual Studio 15
VisualStudioVersion = 15.0.27004.2008
MinimumVisualStudioVersion = 10.0.40219.1
Project("{FAE04EC0-301F-11D3-BF4B-00C04F79EFBC}") = "LR06RSA", "LR06\LR06RSA.csproj", "{BAB09189-779C-4DE1-A45C-C9A7C724C202}"
EndProject
Project("{FAE04EC0-301F-11D3-BF4B-00C04F79EFBC}") = "EncryptMethod", "Rsa\EncryptMethod.csproj", "{AE05C584-0F03-4295-9412-BE20D58196D3}"
EndProject
Project("{FAE04EC0-301F-11D3-BF4B-00C04F79EFBC}") = "Gr", "GrMath\Gr.csproj", "{B37CA726-2FD4-495C-B1C5-81D6E7ED303E}"
EndProject
Project("{FAE04EC0-301F-11D3-BF4B-00C04F79EFBC}") = "LR06DH", "LR06DH\LR06DH.csproj", "{B18EFA65-6AE9-45AE-BDFC-36A53BC1ADE1}"
EndProject
Project("{FAE04EC0-301F-11D3-BF4B-00C04F79EFBC}") = "Vigers", "Vigers\Vigers.csproj", "{BFE2FAB4-F472-4AAB-8004-F639F9E7F1C4}"
EndProject
Global
	GlobalSection(SolutionConfigurationPlatforms) = preSolution
		Debug|Any CPU = Debug|Any CPU
		Release|Any CPU = Release|Any CPU
	EndGlobalSection
	GlobalSection(ProjectConfigurationPlatforms) = postSolution
		{BAB09189-779C-4DE1-A45C-C9A7C724C202}.Debug|Any CPU.ActiveCfg = Debug|Any CPU
		{BAB09189-779C-4DE1-A45C-C9A7C724C202}.Debug|Any CPU.Build.0 = Debug|Any CPU
		{BAB09189-779C-4DE1-A45C-C9A7C724C202}.Release|Any CPU.ActiveCfg = Release|Any CPU
		{BAB09189-779C-4DE1-A45C-C9A7C724C202}.Release|Any CPU.Build.0 = Release|Any CPU
		{AE05C584-0F03-4295-9412-BE20D58196D3}.Debug|Any CPU.ActiveCfg = Debug|Any CPU
		{AE05C584-0F03-4295-9412-BE20D58196D3}.Debug|Any CPU.Build.0 = Debug|Any CPU
		{AE05C584-0F03-4295-9412-BE20D58196D3}.Release|Any CPU.ActiveCfg = Release|Any CPU
		{AE05C584-0F03-4295-9412-BE20D58196D3}.Release|Any CPU.Build.0 = Release|Any CPU
		{B37CA726-2FD4-495C-B1C5-81D6E7ED303E}.Debug|Any CPU.ActiveCfg = Debug|Any CPU
		{B37CA726-2FD4-495C-B1C5-81D6E7ED303E}.Debug|Any CPU.Build.0 = Debug|Any CPU
		{B37CA726-2FD4-495C-B1C5-81D6E7ED303E}.Release|Any CPU.ActiveCfg = Release|Any CPU
		{B37CA726-2FD4-495C-B1C5-81D6E7ED303E}.Release|Any CPU.Build.0 = Release|Any CPU
		{B18EFA65-6AE9-45AE-BDFC-36A53BC1ADE1}.Debug|Any CPU.ActiveCfg = Debug|Any CPU
		{B18EFA65-6AE9-45AE-BDFC-36A53BC1ADE1}.Debug|Any CPU.Build.0 = Debug|Any CPU
		{B18EFA65-6AE9-45AE-BDFC-36A53BC1ADE1}.Release|Any CPU.ActiveCfg = Release|Any CPU
		{B18EFA65-6AE9-45AE-BDFC-36A53BC1ADE1}.Release|Any CPU.Build.0 = Release|Any CPU
		{BFE2FAB4-F472-4AAB-8004-F639F9E7F1C4}.Debug|Any CPU.ActiveCfg = Debug|Any CPU
		{BFE2FAB4-F472-4AAB-8004-F639F9E7F1C4}.Debug|Any CPU.Build.0 = Debug|Any CPU
		{BFE2FAB4-F472-4AAB-8004-F639F9E7F1C4}.Release|Any CPU.ActiveCfg = Release|Any CPU
		{BFE2FAB4-F472-4AAB-8004-F639F9E7F1C4}.Release|Any CPU.Build.0 = Release|Any CPU
	EndGlobalSection
	GlobalSection(SolutionProperties) = preSolution
		HideSolutionNode = FALSE
	EndGlobalSection
	GlobalSection(ExtensibilityGlobals) = postSolution
		SolutionGuid = {CD32D580-6D18-4F4D-8AB0-EB16AA9E84E5}
	EndGlobalSection
EndGlobal
